
Microsoft Visual Studio Solution File, Format Version 12.00
# Visual Studio 15
Project("{FAE04EC0-301F-11D3-BF4B-00C04F79EFBC}") = "GameStreamSearch.Api", "GameStreamSearch.Api\GameStreamSearch.Api.csproj", "{B4D0AF4F-C58D-4D2E-BA0C-29073CA6755B}"
EndProject
Project("{FAE04EC0-301F-11D3-BF4B-00C04F79EFBC}") = "GameStreamSearch.Application", "GameStreamSearch.Application\GameStreamSearch.Application.csproj", "{C7C9BDBF-DD4F-4CB6-8B56-430CAFCFF206}"
EndProject
Project("{2150E333-8FDC-42A3-9474-1A3956D46DE8}") = "Solution Items", "Solution Items", "{00667DAC-66B9-44A3-A1DD-1246D9DA69F0}"
	ProjectSection(SolutionItems) = preProject
		.editorconfig = .editorconfig
	EndProjectSection
EndProject
Project("{FAE04EC0-301F-11D3-BF4B-00C04F79EFBC}") = "GameStreamSearch.Types", "GameStreamSearch.Types\GameStreamSearch.Types.csproj", "{5A71DF41-B957-4918-90FB-054FA0B380CC}"
EndProject
Project("{FAE04EC0-301F-11D3-BF4B-00C04F79EFBC}") = "GameStreamSearch.UnitTests", "GameStreamSearch.UnitTests\GameStreamSearch.UnitTests.csproj", "{CDDAB55F-38E1-4924-B07B-CA5ECD122673}"
EndProject
Project("{FAE04EC0-301F-11D3-BF4B-00C04F79EFBC}") = "GameStreamSearch.Domain", "GameStreamSearch.Domain\GameStreamSearch.Domain.csproj", "{4AA67220-A79B-4AF2-9F0E-26EF96C76181}"
EndProject
Project("{FAE04EC0-301F-11D3-BF4B-00C04F79EFBC}") = "GameStreamSearch.StreamProviders", "GameStreamSearch.StreamProviders\GameStreamSearch.StreamProviders.csproj", "{C5B5D04C-FF46-43E5-8414-207B9EAADAEF}"
EndProject
Project("{FAE04EC0-301F-11D3-BF4B-00C04F79EFBC}") = "GameStreamSearch.DataAccess", "GameStreamSearch.DataAccess\GameStreamSearch.DataAccess.csproj", "{2F737471-A3F1-4975-BD7B-D06B0E13EE28}"
EndProject
Global
	GlobalSection(SolutionConfigurationPlatforms) = preSolution
		Debug|Any CPU = Debug|Any CPU
		Release|Any CPU = Release|Any CPU
	EndGlobalSection
	GlobalSection(ProjectConfigurationPlatforms) = postSolution
		{B4D0AF4F-C58D-4D2E-BA0C-29073CA6755B}.Debug|Any CPU.ActiveCfg = Debug|Any CPU
		{B4D0AF4F-C58D-4D2E-BA0C-29073CA6755B}.Debug|Any CPU.Build.0 = Debug|Any CPU
		{B4D0AF4F-C58D-4D2E-BA0C-29073CA6755B}.Release|Any CPU.ActiveCfg = Release|Any CPU
		{B4D0AF4F-C58D-4D2E-BA0C-29073CA6755B}.Release|Any CPU.Build.0 = Release|Any CPU
		{C7C9BDBF-DD4F-4CB6-8B56-430CAFCFF206}.Debug|Any CPU.ActiveCfg = Debug|Any CPU
		{C7C9BDBF-DD4F-4CB6-8B56-430CAFCFF206}.Debug|Any CPU.Build.0 = Debug|Any CPU
		{C7C9BDBF-DD4F-4CB6-8B56-430CAFCFF206}.Release|Any CPU.ActiveCfg = Release|Any CPU
		{C7C9BDBF-DD4F-4CB6-8B56-430CAFCFF206}.Release|Any CPU.Build.0 = Release|Any CPU
		{5A71DF41-B957-4918-90FB-054FA0B380CC}.Debug|Any CPU.ActiveCfg = Debug|Any CPU
		{5A71DF41-B957-4918-90FB-054FA0B380CC}.Debug|Any CPU.Build.0 = Debug|Any CPU
		{5A71DF41-B957-4918-90FB-054FA0B380CC}.Release|Any CPU.ActiveCfg = Release|Any CPU
		{5A71DF41-B957-4918-90FB-054FA0B380CC}.Release|Any CPU.Build.0 = Release|Any CPU
		{CDDAB55F-38E1-4924-B07B-CA5ECD122673}.Debug|Any CPU.ActiveCfg = Debug|Any CPU
		{CDDAB55F-38E1-4924-B07B-CA5ECD122673}.Debug|Any CPU.Build.0 = Debug|Any CPU
		{CDDAB55F-38E1-4924-B07B-CA5ECD122673}.Release|Any CPU.ActiveCfg = Release|Any CPU
		{CDDAB55F-38E1-4924-B07B-CA5ECD122673}.Release|Any CPU.Build.0 = Release|Any CPU
		{4AA67220-A79B-4AF2-9F0E-26EF96C76181}.Debug|Any CPU.ActiveCfg = Debug|Any CPU
		{4AA67220-A79B-4AF2-9F0E-26EF96C76181}.Debug|Any CPU.Build.0 = Debug|Any CPU
		{4AA67220-A79B-4AF2-9F0E-26EF96C76181}.Release|Any CPU.ActiveCfg = Release|Any CPU
		{4AA67220-A79B-4AF2-9F0E-26EF96C76181}.Release|Any CPU.Build.0 = Release|Any CPU
		{C5B5D04C-FF46-43E5-8414-207B9EAADAEF}.Debug|Any CPU.ActiveCfg = Debug|Any CPU
		{C5B5D04C-FF46-43E5-8414-207B9EAADAEF}.Debug|Any CPU.Build.0 = Debug|Any CPU
		{C5B5D04C-FF46-43E5-8414-207B9EAADAEF}.Release|Any CPU.ActiveCfg = Release|Any CPU
		{C5B5D04C-FF46-43E5-8414-207B9EAADAEF}.Release|Any CPU.Build.0 = Release|Any CPU
		{2F737471-A3F1-4975-BD7B-D06B0E13EE28}.Debug|Any CPU.ActiveCfg = Debug|Any CPU
		{2F737471-A3F1-4975-BD7B-D06B0E13EE28}.Debug|Any CPU.Build.0 = Debug|Any CPU
		{2F737471-A3F1-4975-BD7B-D06B0E13EE28}.Release|Any CPU.ActiveCfg = Release|Any CPU
		{2F737471-A3F1-4975-BD7B-D06B0E13EE28}.Release|Any CPU.Build.0 = Release|Any CPU
	EndGlobalSection
EndGlobal
